
Microsoft Visual Studio Solution File, Format Version 12.00
# Visual Studio Version 17
VisualStudioVersion = 17.8.34322.80
MinimumVisualStudioVersion = 10.0.40219.1
Project("{FAE04EC0-301F-11D3-BF4B-00C04F79EFBC}") = "Principio ISP", "Principio ISP\Principio ISP.csproj", "{DCFDF036-A851-453B-A440-88A8D386749E}"
EndProject
Global
	GlobalSection(SolutionConfigurationPlatforms) = preSolution
		Debug|Any CPU = Debug|Any CPU
		Release|Any CPU = Release|Any CPU
	EndGlobalSection
	GlobalSection(ProjectConfigurationPlatforms) = postSolution
		{DCFDF036-A851-453B-A440-88A8D386749E}.Debug|Any CPU.ActiveCfg = Debug|Any CPU
		{DCFDF036-A851-453B-A440-88A8D386749E}.Debug|Any CPU.Build.0 = Debug|Any CPU
		{DCFDF036-A851-453B-A440-88A8D386749E}.Release|Any CPU.ActiveCfg = Release|Any CPU
		{DCFDF036-A851-453B-A440-88A8D386749E}.Release|Any CPU.Build.0 = Release|Any CPU
	EndGlobalSection
	GlobalSection(SolutionProperties) = preSolution
		HideSolutionNode = FALSE
	EndGlobalSection
	GlobalSection(ExtensibilityGlobals) = postSolution
		SolutionGuid = {392A4F64-C9D4-495A-A178-975599973A29}
	EndGlobalSection
EndGlobal
